# THIS IS AN AUTOGENERATED FILE. DO NOT EDIT THIS FILE DIRECTLY.
# yarn lockfile v1


"@11ty/dependency-tree-esm@^2.0.4":
  version "2.0.4"
  resolved "https://registry.npmjs.org/@11ty/dependency-tree-esm/-/dependency-tree-esm-2.0.4.tgz"
  integrity sha512-MYKC0Ac77ILr1HnRJalzKDlb9Z8To3kXQCltx299pUXXUFtJ1RIONtULlknknqW8cLe19DLVgmxVCtjEFm7h0A==
  dependencies:
    "@11ty/eleventy-utils" "^2.0.7"
    acorn "^8.15.0"
    dependency-graph "^1.0.0"
    normalize-path "^3.0.0"

"@11ty/dependency-tree@^4.0.2":
  version "4.0.2"
  resolved "https://registry.npmjs.org/@11ty/dependency-tree/-/dependency-tree-4.0.2.tgz"
  integrity sha512-RTF6VTZHatYf7fSZBUN3RKwiUeJh5dhWV61gDPrHhQF2/gzruAkYz8yXuvGLx3w3ZBKreGrR+MfYpSVkdbdbLA==
  dependencies:
    "@11ty/eleventy-utils" "^2.0.1"

"@11ty/eleventy-dev-server@^2.0.8":
  version "2.0.8"
  resolved "https://registry.npmjs.org/@11ty/eleventy-dev-server/-/eleventy-dev-server-2.0.8.tgz"
  integrity sha512-15oC5M1DQlCaOMUq4limKRYmWiGecDaGwryr7fTE/oM9Ix8siqMvWi+I8VjsfrGr+iViDvWcH/TVI6D12d93mA==
  dependencies:
    "@11ty/eleventy-utils" "^2.0.1"
    chokidar "^3.6.0"
    debug "^4.4.0"
    finalhandler "^1.3.1"
    mime "^3.0.0"
    minimist "^1.2.8"
    morphdom "^2.7.4"
    please-upgrade-node "^3.2.0"
    send "^1.1.0"
    ssri "^11.0.0"
    urlpattern-polyfill "^10.0.0"
    ws "^8.18.1"

"@11ty/eleventy-navigation@^1.0.5":
  version "1.0.5"
  resolved "https://registry.npmjs.org/@11ty/eleventy-navigation/-/eleventy-navigation-1.0.5.tgz"
  integrity sha512-zb6xe29cM9viSdYtZywKIkJw2HIROyBINdBcFWC9uD0c/jYOTAex5nwy3HNEuh5t6/Ld/S9V4gEizfmeYuYpCQ==
  dependencies:
    dependency-graph "^1.0.0"

"@11ty/eleventy-plugin-bundle@^3.0.7":
  version "3.0.7"
  resolved "https://registry.npmjs.org/@11ty/eleventy-plugin-bundle/-/eleventy-plugin-bundle-3.0.7.tgz"
  integrity sha512-QK1tRFBhQdZASnYU8GMzpTdsMMFLVAkuU0gVVILqNyp09xJJZb81kAS3AFrNrwBCsgLxTdWHJ8N64+OTTsoKkA==
  dependencies:
    "@11ty/eleventy-utils" "^2.0.2"
    debug "^4.4.0"
    posthtml-match-helper "^2.0.3"

"@11ty/eleventy-plugin-syntaxhighlight@^5.0.2":
  version "5.0.2"
  resolved "https://registry.npmjs.org/@11ty/eleventy-plugin-syntaxhighlight/-/eleventy-plugin-syntaxhighlight-5.0.2.tgz"
  integrity sha512-T6xVVRDJuHlrFMHbUiZkHjj5o1IlLzZW+1IL9eUsyXFU7rY2ztcYhZew/64vmceFFpQwzuSfxQOXxTJYmKkQ+A==
  dependencies:
    prismjs "^1.30.0"

"@11ty/eleventy-utils@^2.0.1", "@11ty/eleventy-utils@^2.0.2", "@11ty/eleventy-utils@^2.0.7":
  version "2.0.7"
  resolved "https://registry.npmjs.org/@11ty/eleventy-utils/-/eleventy-utils-2.0.7.tgz"
  integrity sha512-6QE+duqSQ0GY9rENXYb4iPR4AYGdrFpqnmi59tFp9VrleOl0QSh8VlBr2yd6dlhkdtj7904poZW5PvGr9cMiJQ==

"@11ty/eleventy@^3.1.6":
  version "3.1.6"
  resolved "https://registry.npmjs.org/@11ty/eleventy/-/eleventy-3.1.6.tgz"
  integrity sha512-ZlSiR1PLdS2lv7TelBgWAhcvMiLNZkPBlLEb+lh7kGYZ+Mk0bo9qcYgVsewvw9W7Em0RH3wd01h5fAstNDh0zA==
  dependencies:
    "@11ty/dependency-tree" "^4.0.2"
    "@11ty/dependency-tree-esm" "^2.0.4"
    "@11ty/eleventy-dev-server" "^2.0.8"
    "@11ty/eleventy-plugin-bundle" "^3.0.7"
    "@11ty/eleventy-utils" "^2.0.7"
    "@11ty/lodash-custom" "^4.17.21"
    "@11ty/posthtml-urls" "^1.0.3"
    "@11ty/recursive-copy" "^4.0.4"
    "@sindresorhus/slugify" "^2.2.1"
    bcp-47-normalize "^2.3.0"
    chokidar "^3.6.0"
    debug "^4.4.3"
    dependency-graph "^1.0.0"
    entities "^6.0.1"
    filesize "^10.1.6"
    gray-matter "^4.0.3"
    iso-639-1 "^3.1.5"
    js-yaml "^4.1.1"
    kleur "^4.1.5"
    liquidjs "^10.27.0"
    luxon "^3.7.2"
    markdown-it "^14.2.0"
    minimist "^1.2.8"
    moo "0.5.2"
    node-retrieve-globals "^6.0.1"
    nunjucks "^3.2.4"
    picomatch "^4.0.4"
    please-upgrade-node "^3.2.0"
    posthtml "^0.16.7"
    posthtml-match-helper "^2.0.3"
    semver "^7.8.1"
    slugify "^1.6.9"
    tinyglobby "^0.2.16"

"@11ty/lodash-custom@^4.17.21":
  version "4.17.21"
  resolved "https://registry.npmjs.org/@11ty/lodash-custom/-/lodash-custom-4.17.21.tgz"
  integrity sha512-Mqt6im1xpb1Ykn3nbcCovWXK3ggywRJa+IXIdoz4wIIK+cvozADH63lexcuPpGS/gJ6/m2JxyyXDyupkMr5DHw==

"@11ty/posthtml-urls@^1.0.3":
  version "1.0.3"
  resolved "https://registry.npmjs.org/@11ty/posthtml-urls/-/posthtml-urls-1.0.3.tgz"
  integrity sha512-1YvhnkaNlFnnJic1rBMWmTC2adbuy+JQiBfl1Hecr1Wjjik1pQZmGyk/eC9zKX/FQv52s2Nht1Gi/UwhYqrBeg==
  dependencies:
    evaluate-value "^2.0.0"
    http-equiv-refresh "^2.0.1"
    list-to-array "^1.1.0"
    parse-srcset "^1.0.2"

"@11ty/recursive-copy@^4.0.4":
  version "4.0.4"
  resolved "https://registry.npmjs.org/@11ty/recursive-copy/-/recursive-copy-4.0.4.tgz"
  integrity sha512-oI7m8pa7/IAU/3lqRU9vjBbs20iKFo7x+1K9kT3aVira6scc1X9MjBdgLCHzLJeJ7iB6wydioA+kr9/qPnvmlQ==
  dependencies:
    errno "^1.0.0"
    junk "^3.1.0"
    minimatch "^3.1.5"
    slash "^3.0.0"

"@sindresorhus/slugify@^2.2.1":
  version "2.2.1"
  resolved "https://registry.npmjs.org/@sindresorhus/slugify/-/slugify-2.2.1.tgz"
  integrity sha512-MkngSCRZ8JdSOCHRaYd+D01XhvU3Hjy6MGl06zhOk614hp9EOAp5gIkBeQg7wtmxpitU6eAL4kdiRMcJa2dlrw==
  dependencies:
    "@sindresorhus/transliterate" "^1.0.0"
    escape-string-regexp "^5.0.0"

"@sindresorhus/transliterate@^1.0.0":
  version "1.6.0"
  resolved "https://registry.npmjs.org/@sindresorhus/transliterate/-/transliterate-1.6.0.tgz"
  integrity sha512-doH1gimEu3A46VX6aVxpHTeHrytJAG6HgdxntYnCFiIFHEM/ZGpG8KiZGBChchjQmG0XFIBL552kBTjVcMZXwQ==
  dependencies:
    escape-string-regexp "^5.0.0"

"@types/linkify-it@^5":
  version "5.0.0"
  resolved "https://registry.npmjs.org/@types/linkify-it/-/linkify-it-5.0.0.tgz"
  integrity sha512-sVDA58zAw4eWAffKOaQH5/5j3XeayukzDk+ewSsnv3p4yJEZHCCzMDiZM8e0OUrRvmpGZ85jf4yDHkHsgBNr9Q==

"@types/markdown-it@*":
  version "14.2.0"
  resolved "https://registry.npmjs.org/@types/markdown-it/-/markdown-it-14.2.0.tgz"
  integrity sha512-NoQ2yGlLWj4wpxMs+TYmRKk3thDrQ97agr7sFqfLsAlvoS8SNQuTrlObhFqG9iugdTtgOE9jpJ6FNM4ZGsa5xQ==
  dependencies:
    "@types/linkify-it" "^5"
    "@types/mdurl" "^2"

"@types/mdurl@^2":
  version "2.0.0"
  resolved "https://registry.npmjs.org/@types/mdurl/-/mdurl-2.0.0.tgz"
  integrity sha512-RGdgjQUZba5p6QEFAVx2OGb8rQDL/cPRG7GiedRzMcJ1tYnUANBncjbSB1NRGwbvjcPeikRABz2nshyPk1bhWg==

a-sync-waterfall@^1.0.0:
  version "1.0.1"
  resolved "https://registry.npmjs.org/a-sync-waterfall/-/a-sync-waterfall-1.0.1.tgz"
  integrity sha512-RYTOHHdWipFUliRFMCS4X2Yn2X8M87V/OpSqWzKKOGhzqyUxzyVmhHDH9sAvG+ZuQf/TAOFsLCpMw09I1ufUnA==

acorn-walk@^8.3.4:
  version "8.3.5"
  resolved "https://registry.npmjs.org/acorn-walk/-/acorn-walk-8.3.5.tgz"
  integrity sha512-HEHNfbars9v4pgpW6SO1KSPkfoS0xVOM/9UzkJltjlsHZmJasxg8aXkuZa7SMf8vKGIBhpUsPluQSqhJFCqebw==
  dependencies:
    acorn "^8.11.0"

acorn@^8.11.0, acorn@^8.14.1, acorn@^8.15.0:
  version "8.18.0"
  resolved "https://registry.npmjs.org/acorn/-/acorn-8.18.0.tgz"
  integrity sha512-lGq+9yr1/GuAWaVYIHRjvvySG5/4VfKIvC8EWxStPdcDh/Ka7FG3twP6v4d5BkravUilhIAsG4Qj83t02LWUPQ==

anymatch@~3.1.2:
  version "3.1.2"
  resolved "https://registry.npmjs.org/anymatch/-/anymatch-3.1.2.tgz"
  integrity sha512-P43ePfOAIupkguHUycrc4qJ9kz8ZiuOUijaETwX7THt0Y/GNK7v0aa8rY816xWjZ7rJdA5XdMcpVFTKMq+RvWg==
  dependencies:
    normalize-path "^3.0.0"
    picomatch "^2.0.4"

argparse@^1.0.7:
  version "1.0.10"
  resolved "https://registry.npmjs.org/argparse/-/argparse-1.0.10.tgz"
  integrity sha512-o5Roy6tNG4SL/FOkCAN6RzjiakZS25RLYFrcMttJqbdd8BWrnA+fGz57iN5Pb06pvBGvl5gQ0B48dJlslXvoTg==
  dependencies:
    sprintf-js "~1.0.2"

argparse@^2.0.1:
  version "2.0.1"
  resolved "https://registry.npmjs.org/argparse/-/argparse-2.0.1.tgz"
  integrity sha512-8+9WqebbFzpX9OR+Wa6O29asIogeRMzcGtAINdpMHHyAg10f05aSFVBbcEqGf/PXw1EjAZ+q2/bEBg3DvurK3Q==

argparse@^3.0.0:
  version "3.0.1"
  resolved "https://registry.npmjs.org/argparse/-/argparse-3.0.1.tgz"
  integrity sha512-nM4mHF/KM1v59ZNKX7zfusQz5wUAxR511YG8Vo6TyiV4aqhu++rbJW4v04xsWhpSsHFj66flT8P7znVpyO20xQ==

asap@^2.0.3:
  version "2.0.6"
  resolved "https://registry.npmjs.org/asap/-/asap-2.0.6.tgz"
  integrity sha1-5QNHYR1+aQlDIIu9r+vLwvuGbUY= sha512-BSHWgDSAiKs50o2Re8ppvp3seVHXSRM44cdSsT9FfNEUUZLOGWVCsiWaRPWM1Znn+mqZ1OfVZ3z3DWEzSp7hRA==

balanced-match@^1.0.0:
  version "1.0.2"
  resolved "https://registry.npmjs.org/balanced-match/-/balanced-match-1.0.2.tgz"
  integrity sha512-3oSeUO0TMV67hN1AmbXsK4yaqU7tjiHlbxRDZOpH0KW9+CeX4bRAaX0Anxt0tx2MrpRpWwQaPwIlISEJhYU5Pw==

bcp-47-match@^2.0.0:
  version "2.0.3"
  resolved "https://registry.npmjs.org/bcp-47-match/-/bcp-47-match-2.0.3.tgz"
  integrity sha512-JtTezzbAibu8G0R9op9zb3vcWZd9JF6M0xOYGPn0fNCd7wOpRB1mU2mH9T8gaBGbAAyIIVgB2G7xG0GP98zMAQ==

bcp-47-normalize@^2.3.0:
  version "2.3.0"
  resolved "https://registry.npmjs.org/bcp-47-normalize/-/bcp-47-normalize-2.3.0.tgz"
  integrity sha512-8I/wfzqQvttUFz7HVJgIZ7+dj3vUaIyIxYXaTRP1YWoSDfzt6TUmxaKZeuXR62qBmYr+nvuWINFRl6pZ5DlN4Q==
  dependencies:
    bcp-47 "^2.0.0"
    bcp-47-match "^2.0.0"

bcp-47@^2.0.0:
  version "2.1.1"
  resolved "https://registry.npmjs.org/bcp-47/-/bcp-47-2.1.1.tgz"
  integrity sha512-KLw+H/gd2p4zly1X7Yh/qziuyae5/w/QFnvTng9eZL5fvszL7Whl3MBoWF8yxL7ksUjBfOD+OxkytiqbBpG+Fw==
  dependencies:
    is-alphabetical "^2.0.0"
    is-alphanumerical "^2.0.0"
    is-decimal "^2.0.0"

binary-extensions@^2.0.0:
  version "2.2.0"
  resolved "https://registry.npmjs.org/binary-extensions/-/binary-extensions-2.2.0.tgz"
  integrity sha512-jDctJ/IVQbZoJykoeHbhXpOlNBqGNcwXJKJog42E5HDPUwQTSdjCHdihjj0DlnheQ7blbT6dHOafNAiS8ooQKA==

brace-expansion@^1.1.7:
  version "1.1.18"
  resolved "https://registry.npmjs.org/brace-expansion/-/brace-expansion-1.1.18.tgz"
  integrity sha512-Edep/X9fGqVNmzKBVsDYIOtD+z1tuezV70LBjdCst9Tqu76lsnvRiZ6oTic1n+/BIwX6QDGAO94PN4N2SADvtw==
  dependencies:
    balanced-match "^1.0.0"
    concat-map "0.0.1"

braces@~3.0.2:
  version "3.0.3"
  resolved "https://registry.npmjs.org/braces/-/braces-3.0.3.tgz"
  integrity sha512-yQbXgO/OSZVD2IsiLlro+7Hf6Q18EJrKSEsdoMzKePKXct3gvD8oLcOQdIzGupr5Fj+EDe8gO/lxc1BzfMpxvA==
  dependencies:
    fill-range "^7.1.1"

chokidar@^3.3.0, chokidar@^3.6.0:
  version "3.6.0"
  resolved "https://registry.npmjs.org/chokidar/-/chokidar-3.6.0.tgz"
  integrity sha512-7VT13fmjotKpGipCW9JEQAusEPE+Ei8nl6/g4FBAmIm0GOOLMua9NDDo/DWp0ZAxCr3cPq5ZpBqmPAQgDda2Pw==
  dependencies:
    anymatch "~3.1.2"
    braces "~3.0.2"
    glob-parent "~5.1.2"
    is-binary-path "~2.1.0"
    is-glob "~4.0.1"
    normalize-path "~3.0.0"
    readdirp "~3.6.0"
  optionalDependencies:
    fsevents "~2.3.2"

commander@^10.0.0:
  version "10.0.1"
  resolved "https://registry.npmjs.org/commander/-/commander-10.0.1.tgz"
  integrity sha512-y4Mg2tXshplEbSGzx7amzPwKKOCGuoSRP/CjEdwwk0FOGlUbq6lKuoyDZTNZkmxHdJtp54hdfY/JUrdL7Xfdug==

commander@^5.1.0:
  version "5.1.0"
  resolved "https://registry.npmjs.org/commander/-/commander-5.1.0.tgz"
  integrity sha512-P0CysNDQ7rtVw4QIQtm+MRxV66vKFSvlsQvGYXZWR3qFU0jlMKHZZZgw8e+8DSah4UDKMqnknRDQz+xuQXQ/Zg==

concat-map@0.0.1:
  version "0.0.1"
  resolved "https://registry.npmjs.org/concat-map/-/concat-map-0.0.1.tgz"
  integrity sha1-2Klr13/Wjfd5OnMDajug1UBdR3s= sha512-/Srv4dswyQNBfohGpz9o6Yb3Gz3SrUDqBH5rTuhGR7ahtlbYKnVxw2bCFMRljaA7EXHaXZ8wsHdodFvbkhKmqg==

debug@^4.4.0, debug@^4.4.3:
  version "4.4.3"
  resolved "https://registry.npmjs.org/debug/-/debug-4.4.3.tgz"
  integrity sha512-RGwwWnwQvkVfavKVt22FGLw+xYSdzARwm0ru6DhTVA3umU5hZc28V3kO4stgYryrTlLpuvgI9GiijltAjNbcqA==
  dependencies:
    ms "^2.1.3"

debug@2.6.9:
  version "2.6.9"
  resolved "https://registry.npmjs.org/debug/-/debug-2.6.9.tgz"
  integrity sha512-bC7ElrdJaJnPbAP+1EotYvqZsb3ecl5wi6Bfi6BJTUcNowp6cvspg0jXznRTKDjm/E7AdgFBVeAPVMNcKGsHMA==
  dependencies:
    ms "2.0.0"

depd@~2.0.0:
  version "2.0.0"
  resolved "https://registry.npmjs.org/depd/-/depd-2.0.0.tgz"
  integrity sha512-g7nH6P6dyDioJogAAGprGpCtVImJhpPk/roCzdb3fIh61/s/nPsfR6onyMwkCAR/OlC3yBC0lESvUoQEAssIrw==

dependency-graph@^1.0.0:
  version "1.0.0"
  resolved "https://registry.npmjs.org/dependency-graph/-/dependency-graph-1.0.0.tgz"
  integrity sha512-cW3gggJ28HZ/LExwxP2B++aiKxhJXMSIt9K48FOXQkm+vuG5gyatXnLsONRJdzO/7VfjDIiaOOa/bs4l464Lwg==

dom-serializer@^1.0.1:
  version "1.3.2"
  resolved "https://registry.npmjs.org/dom-serializer/-/dom-serializer-1.3.2.tgz"
  integrity sha512-5c54Bk5Dw4qAxNOI1pFEizPSjVsx5+bpJKmL2kPn8JhBUq2q09tTCa3mjijun2NfK78NMouDYNMBkOrPZiS+ig==
  dependencies:
    domelementtype "^2.0.1"
    domhandler "^4.2.0"
    entities "^2.0.0"

domelementtype@^2.0.1, domelementtype@^2.2.0:
  version "2.2.0"
  resolved "https://registry.npmjs.org/domelementtype/-/domelementtype-2.2.0.tgz"
  integrity sha512-DtBMo82pv1dFtUmHyr48beiuq792Sxohr+8Hm9zoxklYPfa6n0Z3Byjj2IV7bmr2IyqClnqEQhfgHJJ5QF0R5A==

domhandler@^4.2.0, domhandler@^4.2.2:
  version "4.3.1"
  resolved "https://registry.npmjs.org/domhandler/-/domhandler-4.3.1.tgz"
  integrity sha512-GrwoxYN+uWlzO8uhUXRl0P+kHE4GtVPfYzVLcUxPL7KNdHKj66vvlhiweIHqYYXWlw+T8iLMp42Lm67ghw4WMQ==
  dependencies:
    domelementtype "^2.2.0"

domutils@^2.8.0:
  version "2.8.0"
  resolved "https://registry.npmjs.org/domutils/-/domutils-2.8.0.tgz"
  integrity sha512-w96Cjofp72M5IIhpjgobBimYEfoPjx1Vx0BSX9P30WBdZW2WIKU0T1Bd0kz2eNZ9ikjKgHbEyKx8BB6H1L3h3A==
  dependencies:
    dom-serializer "^1.0.1"
    domelementtype "^2.2.0"
    domhandler "^4.2.0"

ee-first@1.1.1:
  version "1.1.1"
  resolved "https://registry.npmjs.org/ee-first/-/ee-first-1.1.1.tgz"
  integrity sha1-WQxhFWsK4vTwJVcyoViyZrxWsh0= sha512-WMwm9LhRUo+WUaRN+vRuETqG89IgZphVSNkdFgeb6sS/E4OrDIN7t48CAewSHXc6C8lefD8KKfr5vY61brQlow==

encodeurl@^2.0.0, encodeurl@~2.0.0:
  version "2.0.0"
  resolved "https://registry.npmjs.org/encodeurl/-/encodeurl-2.0.0.tgz"
  integrity sha512-Q0n9HRi4m6JuGIV1eFlmvJB7ZEVxu93IrMyiMsGC0lrMJMWzRgx6WGquyfQgZVb31vhGgXnfmPNNXmxnOkRBrg==

entities@^2.0.0:
  version "2.2.0"
  resolved "https://registry.npmjs.org/entities/-/entities-2.2.0.tgz"
  integrity sha512-p92if5Nz619I0w+akJrLZH0MX0Pb5DX39XOwQTtXSdQQOaYH03S1uIQp4mhOZtAXrxq4ViO67YTiLBo2638o9A==

entities@^3.0.1:
  version "3.0.1"
  resolved "https://registry.npmjs.org/entities/-/entities-3.0.1.tgz"
  integrity sha512-WiyBqoomrwMdFG1e0kqvASYfnlb0lp8M5o5Fw2OFq1hNZxxcNk8Ik0Xm7LxzBhuidnZB/UtBqVCgUz3kBOP51Q==

entities@^4.5.0:
  version "4.5.0"
  resolved "https://registry.npmjs.org/entities/-/entities-4.5.0.tgz"
  integrity sha512-V0hjH4dGPh9Ao5p0MoRY6BVqtwCjhz6vI5LT8AJ55H+4g9/4vbHx1I54fS0XuclLhDHArPQCiMjDxjaL8fPxhw==

entities@^6.0.1:
  version "6.0.1"
  resolved "https://registry.npmjs.org/entities/-/entities-6.0.1.tgz"
  integrity sha512-aN97NXWF6AWBTahfVOIrB/NShkzi5H7F9r1s9mD3cDj4Ko5f2qhhVoYMibXF7GlLveb/D2ioWay8lxI97Ven3g==

entities@^8.0.0:
  version "8.1.0"
  resolved "https://registry.npmjs.org/entities/-/entities-8.1.0.tgz"
  integrity sha512-kxL7msIffSuh9aaFAMD7rxAIuTRMAHMeBtgHW2yUdWw732ZNh4MehkF2gdjvtdmikkaIP9bFDDJOPlsvm7avrA==

errno@^1.0.0:
  version "1.0.0"
  resolved "https://registry.npmjs.org/errno/-/errno-1.0.0.tgz"
  integrity sha512-3zV5mFS1E8/1bPxt/B0xxzI1snsg3uSCIh6Zo1qKg6iMw93hzPANk9oBFzSFBFrwuVoQuE3rLoouAUfwOAj1wQ==
  dependencies:
    prr "~1.0.1"

escape-html@^1.0.3, escape-html@~1.0.3:
  version "1.0.3"
  resolved "https://registry.npmjs.org/escape-html/-/escape-html-1.0.3.tgz"
  integrity sha1-Aljq5NPQwJdN4cFpGI7wBR0dGYg= sha512-NiSupZ4OeuGwr68lGIeym/ksIZMJodUGOSCZ/FSnTxcrekbvqrgdUxlJOMpijaKZVjAJrWrGs/6Jy8OMuyj9ow==

escape-string-regexp@^5.0.0:
  version "5.0.0"
  resolved "https://registry.npmjs.org/escape-string-regexp/-/escape-string-regexp-5.0.0.tgz"
  integrity sha512-/veY75JbMK4j1yjvuUxuVsiS/hr/4iHs9FTT6cgTexxdE0Ly/glccBAkloH/DofkjRbZU3bnoj38mOmhkZ0lHw==

esm-import-transformer@^3.0.3:
  version "3.0.5"
  resolved "https://registry.npmjs.org/esm-import-transformer/-/esm-import-transformer-3.0.5.tgz"
  integrity sha512-1GKLvfuMnnpI75l8c6sHoz0L3Z872xL5akGuBudgqTDPv4Vy6f2Ec7jEMKTxlqWl/3kSvNbHELeimJtnqgYniw==
  dependencies:
    acorn "^8.15.0"

esprima@^4.0.0:
  version "4.0.1"
  resolved "https://registry.npmjs.org/esprima/-/esprima-4.0.1.tgz"
  integrity sha512-eGuFFw7Upda+g4p+QHvnW0RyTX/SVeJBDM/gCtMARO0cLuT2HcEKnTPvhjV6aGeqrCB/sbNop0Kszm0jsaWU4A==

etag@^1.8.1:
  version "1.8.1"
  resolved "https://registry.npmjs.org/etag/-/etag-1.8.1.tgz"
  integrity sha1-Qa4u62XvpiJorr/qg6x9eSmbCIc= sha512-aIL5Fx7mawVa300al2BnEE4iNvo1qETxLrPI/o05L7z6go7fCw1J6EQmbK4FmJ2AS7kgVF/KEZWufBfdClMcPg==

evaluate-value@^2.0.0:
  version "2.0.0"
  resolved "https://registry.npmjs.org/evaluate-value/-/evaluate-value-2.0.0.tgz"
  integrity sha512-VonfiuDJc0z4sOO7W0Pd130VLsXN6vmBWZlrog1mCb/o7o/Nl5Lr25+Kj/nkCCAhG+zqeeGjxhkK9oHpkgTHhQ==

extend-shallow@^2.0.1:
  version "2.0.1"
  resolved "https://registry.npmjs.org/extend-shallow/-/extend-shallow-2.0.1.tgz"
  integrity sha1-Ua99YUrZqfYQ6huvu5idaxxWiQ8= sha512-zCnTtlxNoAiDc3gqY2aYAWFx7XWWiasuF2K8Me5WbN8otHKTUKBwjPtNpRs/rbUZm7KxWAaNj7P1a/p52GbVug==
  dependencies:
    is-extendable "^0.1.0"

fdir@^6.5.0:
  version "6.5.0"
  resolved "https://registry.npmjs.org/fdir/-/fdir-6.5.0.tgz"
  integrity sha512-tIbYtZbucOs0BRGqPJkshJUYdL+SDH7dVM8gjy+ERp3WAUjLEFJE+02kanyHtwjWOnwrKYBiwAmM0p4kLJAnXg==

filesize@^10.1.6:
  version "10.1.6"
  resolved "https://registry.npmjs.org/filesize/-/filesize-10.1.6.tgz"
  integrity sha512-sJslQKU2uM33qH5nqewAwVB2QgR6w1aMNsYUp3aN5rMRyXEwJGmZvaWzeJFNTOXWlHQyBFCWrdj3fV/fsTOX8w==

fill-range@^7.1.1:
  version "7.1.1"
  resolved "https://registry.npmjs.org/fill-range/-/fill-range-7.1.1.tgz"
  integrity sha512-YsGpe3WHLK8ZYi4tWDg2Jy3ebRz2rXowDxnld4bkQB00cc/1Zw9AWnC0i9ztDJitivtQvaI9KaLyKrc+hBW0yg==
  dependencies:
    to-regex-range "^5.0.1"

finalhandler@^1.3.1:
  version "1.3.2"
  resolved "https://registry.npmjs.org/finalhandler/-/finalhandler-1.3.2.tgz"
  integrity sha512-aA4RyPcd3badbdABGDuTXCMTtOneUCAYH/gxoYRTZlIJdF0YPWuGqiAsIrhNnnqdXGswYk6dGujem4w80UJFhg==
  dependencies:
    debug "2.6.9"
    encodeurl "~2.0.0"
    escape-html "~1.0.3"
    on-finished "~2.4.1"
    parseurl "~1.3.3"
    statuses "~2.0.2"
    unpipe "~1.0.0"

fresh@^2.0.0:
  version "2.0.0"
  resolved "https://registry.npmjs.org/fresh/-/fresh-2.0.0.tgz"
  integrity sha512-Rx/WycZ60HOaqLKAi6cHRKKI7zxWbJ31MhntmtwMoaTeF7XFH9hhBp8vITaMidfljRQ6eYWCKkaTK+ykVJHP2A==

glob-parent@~5.1.2:
  version "5.1.2"
  resolved "https://registry.npmjs.org/glob-parent/-/glob-parent-5.1.2.tgz"
  integrity sha512-AOIgSQCepiJYwP3ARnGx+5VnTu2HBYdzbGP45eLw1vr3zB3vZLeyed1sC9hnbcOc9/SrMyM5RPQrkGz4aS9Zow==
  dependencies:
    is-glob "^4.0.1"

gray-matter@^4.0.3:
  version "4.0.3"
  resolved "https://registry.npmjs.org/gray-matter/-/gray-matter-4.0.3.tgz"
  integrity sha512-5v6yZd4JK3eMI3FqqCouswVqwugaA9r4dNZB1wwcmrD02QkV5H0y7XBQW8QwQqEaZY1pM9aqORSORhJRdNK44Q==
  dependencies:
    js-yaml "^3.13.1"
    kind-of "^6.0.2"
    section-matter "^1.0.0"
    strip-bom-string "^1.0.0"

htmlparser2@^7.1.1:
  version "7.2.0"
  resolved "https://registry.npmjs.org/htmlparser2/-/htmlparser2-7.2.0.tgz"
  integrity sha512-H7MImA4MS6cw7nbyURtLPO1Tms7C5H602LRETv95z1MxO/7CP7rDVROehUYeYBUYEON94NXXDEPmZuq+hX4sog==
  dependencies:
    domelementtype "^2.0.1"
    domhandler "^4.2.2"
    domutils "^2.8.0"
    entities "^3.0.1"

http-equiv-refresh@^2.0.1:
  version "2.0.1"
  resolved "https://registry.npmjs.org/http-equiv-refresh/-/http-equiv-refresh-2.0.1.tgz"
  integrity sha512-XJpDL/MLkV3dKwLzHwr2dY05dYNfBNlyPu4STQ8WvKCFdc6vC5tPXuq28of663+gHVg03C+16pHHs/+FmmDjcw==

http-errors@^2.0.1:
  version "2.0.1"
  resolved "https://registry.npmjs.org/http-errors/-/http-errors-2.0.1.tgz"
  integrity sha512-4FbRdAX+bSdmo4AUFuS0WNiPz8NgFt+r8ThgNWmlrjQjt1Q7ZR9+zTlce2859x4KSXrwIsaeTqDoKQmtP8pLmQ==
  dependencies:
    depd "~2.0.0"
    inherits "~2.0.4"
    setprototypeof "~1.2.0"
    statuses "~2.0.2"
    toidentifier "~1.0.1"

inherits@~2.0.4:
  version "2.0.4"
  resolved "https://registry.npmjs.org/inherits/-/inherits-2.0.4.tgz"
  integrity sha512-k/vGaX4/Yla3WzyMCvTQOXYeIHvqOKtnqBduzTHpzpQZzAskKMhZ2K+EnBiSM9zGSoIFeMpXKxa4dYeZIQqewQ==

is-alphabetical@^2.0.0:
  version "2.0.1"
  resolved "https://registry.npmjs.org/is-alphabetical/-/is-alphabetical-2.0.1.tgz"
  integrity sha512-FWyyY60MeTNyeSRpkM2Iry0G9hpr7/9kD40mD/cGQEuilcZYS4okz8SN2Q6rLCJ8gbCt6fN+rC+6tMGS99LaxQ==

is-alphanumerical@^2.0.0:
  version "2.0.1"
  resolved "https://registry.npmjs.org/is-alphanumerical/-/is-alphanumerical-2.0.1.tgz"
  integrity sha512-hmbYhX/9MUMF5uh7tOXyK/n0ZvWpad5caBA17GsC6vyuCqaWliRG5K1qS9inmUhEMaOBIW7/whAnSwveW/LtZw==
  dependencies:
    is-alphabetical "^2.0.0"
    is-decimal "^2.0.0"

is-binary-path@~2.1.0:
  version "2.1.0"
  resolved "https://registry.npmjs.org/is-binary-path/-/is-binary-path-2.1.0.tgz"
  integrity sha512-ZMERYes6pDydyuGidse7OsHxtbI7WVeUEozgR/g7rd0xUimYNlvZRE/K2MgZTjWy725IfelLeVcEM97mmtRGXw==
  dependencies:
    binary-extensions "^2.0.0"

is-decimal@^2.0.0:
  version "2.0.1"
  resolved "https://registry.npmjs.org/is-decimal/-/is-decimal-2.0.1.tgz"
  integrity sha512-AAB9hiomQs5DXWcRB1rqsxGUstbRroFOPPVAomNk/3XHR5JyEZChOyTWe2oayKnsSsr/kcGqF+z6yuH6HHpN0A==

is-extendable@^0.1.0:
  version "0.1.1"
  resolved "https://registry.npmjs.org/is-extendable/-/is-extendable-0.1.1.tgz"
  integrity sha1-YrEQ4omkcUGOPsNqYX1HLjAd/Ik= sha512-5BMULNob1vgFX6EjQw5izWDxrecWK9AM72rugNr0TFldMOi0fj6Jk+zeKIt0xGj4cEfQIJth4w3OKWOJ4f+AFw==

is-extglob@^2.1.1:
  version "2.1.1"
  resolved "https://registry.npmjs.org/is-extglob/-/is-extglob-2.1.1.tgz"
  integrity sha1-qIwCU1eR8C7TfHahueqXc8gz+MI= sha512-SbKbANkN603Vi4jEZv49LeVJMn4yGwsbzZworEoyEiutsN3nJYdbO36zfhGJ6QEDpOZIFkDtnq5JRxmvl3jsoQ==

is-glob@^4.0.1, is-glob@~4.0.1:
  version "4.0.1"
  resolved "https://registry.npmjs.org/is-glob/-/is-glob-4.0.1.tgz"
  integrity sha512-5G0tKtBTFImOqDnLB2hG6Bp2qcKEFduo4tZu9MT/H6NQv/ghhy30o55ufafxJ/LdH79LLs2Kfrn85TLKyA7BUg==
  dependencies:
    is-extglob "^2.1.1"

is-json@^2.0.1:
  version "2.0.1"
  resolved "https://registry.npmjs.org/is-json/-/is-json-2.0.1.tgz"
  integrity sha512-6BEnpVn1rcf3ngfmViLM6vjUjGErbdrL4rwlv+u1NO1XO8kqT4YGL8+19Q+Z/bas8tY90BTWMk2+fW1g6hQjbA==

is-number@^7.0.0:
  version "7.0.0"
  resolved "https://registry.npmjs.org/is-number/-/is-number-7.0.0.tgz"
  integrity sha512-41Cifkg6e8TylSpdtTpeLVMqvSBEVzTttHvERD741+pnZ8ANv0004MRL43QKPDlK9cGvNp6NZWZUBlbGXYxxng==

iso-639-1@^3.1.5:
  version "3.1.6"
  resolved "https://registry.npmjs.org/iso-639-1/-/iso-639-1-3.1.6.tgz"
  integrity sha512-ZFar/L4ngX7wZh2QX+Fiftmuf0igWJsrJtfizrovWifF1gAWkfmRa5Z1m0LQZbm0hKCHRDYhLRSLFrSqNe4EJA==

js-yaml@^3.13.1:
  version "3.15.2"
  resolved "https://registry.npmjs.org/js-yaml/-/js-yaml-3.15.2.tgz"
  integrity sha512-6EuL879VkRA+1Cz578mKMiKvjPNEuk6+r1JaFzoSWejZmtf7xWbIyw1e3KkxlkzTIt9Taw6JBhEppG7utc1P+w==
  dependencies:
    argparse "^1.0.7"
    esprima "^4.0.0"

js-yaml@^4.1.1:
  version "4.3.2"
  resolved "https://registry.npmjs.org/js-yaml/-/js-yaml-4.3.2.tgz"
  integrity sha512-SFNOvSJ+Dgf/9An904Yx+CgSlIPCkIpao4qo51lpee25TIRejdH3rhR4EZMGoNx3/TP3O+wzWuiTFl4sqbltzA==
  dependencies:
    argparse "^2.0.1"

junk@^3.1.0:
  version "3.1.0"
  resolved "https://registry.npmjs.org/junk/-/junk-3.1.0.tgz"
  integrity sha512-pBxcB3LFc8QVgdggvZWyeys+hnrNWg4OcZIU/1X59k5jQdLBlCsYGRQaz234SqoRLTCgMH00fY0xRJH+F9METQ==

kind-of@^6.0.0, kind-of@^6.0.2:
  version "6.0.3"
  resolved "https://registry.npmjs.org/kind-of/-/kind-of-6.0.3.tgz"
  integrity sha512-dcS1ul+9tmeD95T+x28/ehLgd9mENa3LsvDTtzm3vyBEO7RPptvAD+t44WVXaUjTBRcrpFeFlC8WCruUR456hw==

kleur@^4.1.5:
  version "4.1.5"
  resolved "https://registry.npmjs.org/kleur/-/kleur-4.1.5.tgz"
  integrity sha512-o+NO+8WrRiQEE4/7nwRJhN1HWpVmJm511pBHUxPLtp0BUISzlBplORYSmTclCnJvQq2tKu/sgl3xVpkc7ZWuQQ==

linkify-it@^5.0.2:
  version "5.0.2"
  resolved "https://registry.npmjs.org/linkify-it/-/linkify-it-5.0.2.tgz"
  integrity sha512-ONTm2jCMAVZjgQa/Fy1kScXsuOoF5NPTsoFBdE1KVIZ2vAh/r9+Bqo+0jINCBYnavTPQZz38QzFTme79ENoN3Q==
  dependencies:
    uc.micro "^2.0.0"

linkify-it@^6.0.0:
  version "6.1.0"
  resolved "https://registry.npmjs.org/linkify-it/-/linkify-it-6.1.0.tgz"
  integrity sha512-wJ/TwpSDTLepCrQoYWYIExIKg5Zchex2Nn5yk2mFnB+6PtdkHtyLx742md9csRjjOnGkKIS/RrbY7l8D6gT9Vw==
  dependencies:
    uc.micro "^3.0.0"

liquidjs@^10.27.0:
  version "10.29.0"
  resolved "https://registry.npmjs.org/liquidjs/-/liquidjs-10.29.0.tgz"
  integrity sha512-pCVOhs6FLAR8su3ItJ07diN26t6W5dHQRnmTMy8HPyTFuv1+oSCVJIGp5pGjfQyOZfh50KswvKtMTp6p4JEIdw==
  dependencies:
    commander "^10.0.0"

list-to-array@^1.1.0:
  version "1.1.0"
  resolved "https://registry.npmjs.org/list-to-array/-/list-to-array-1.1.0.tgz"
  integrity sha1-yn3/ZAYGQzysdcvoRGrNhksVv28= sha512-+dAZZ2mM+/m+vY9ezfoueVvrgnHIGi5FvgSymbIgJOFwiznWyA59mav95L+Mc6xPtL3s9gm5eNTlNtxJLbNM1g==

luxon@^3.7.2:
  version "3.7.2"
  resolved "https://registry.npmjs.org/luxon/-/luxon-3.7.2.tgz"
  integrity sha512-vtEhXh/gNjI9Yg1u4jX/0YVPMvxzHuGgCm6tC5kZyb08yjGWGnqAjGJvcXbqQR2P3MyMEFnRbpcdFS6PBcLqew==

markdown-it-anchor@^10.0.0:
  version "10.0.0"
  resolved "https://registry.npmjs.org/markdown-it-anchor/-/markdown-it-anchor-10.0.0.tgz"
  integrity sha512-Q8g7Z6OBdH3eXF0lujFqukIxUvgCDZcjzCrJxmD6QiEzU1HWR9fVN+Bf6gxmM+0yrPFs+jUw8gNjLmUQqt6Eew==

markdown-it@*, markdown-it@^15.0.1:
  version "15.0.1"
  resolved "https://registry.npmjs.org/markdown-it/-/markdown-it-15.0.1.tgz"
  integrity sha512-9/7gE95FNPkfUWrjJIoHZza2iLmuJlPD0UNMxPi7bxUrbCR525YZY0r+zyfes0dZI5ZZ/uNIXUJca0pJvtw41g==
  dependencies:
    argparse "^3.0.0"
    entities "^8.0.0"
    linkify-it "^6.0.0"
    mdurl "^2.1.0"
    punycode.js "^2.3.1"
    uc.micro "^3.0.0"

markdown-it@^14.2.0:
  version "14.3.1"
  resolved "https://registry.npmjs.org/markdown-it/-/markdown-it-14.3.1.tgz"
  integrity sha512-4Ej49aYTDFIQ+uBkfX8GBvJGccoARxxPep+7aWTs55ozbjQJpW9M26Fe53vnGgvLeVzva/amzjQQaQu9w0vMhA==
  dependencies:
    argparse "^2.0.1"
    entities "^4.5.0"
    linkify-it "^5.0.2"
    mdurl "^2.0.0"
    punycode.js "^2.3.1"
    uc.micro "^2.1.0"

mdurl@^2.0.0, mdurl@^2.1.0:
  version "2.1.0"
  resolved "https://registry.npmjs.org/mdurl/-/mdurl-2.1.0.tgz"
  integrity sha512-1+HBaOx0zi/dQWht8rNv9MYf9qqpqL/kxI0hXImU6Y547zM6Sni8BQibt7ifgMcYtQg41ao3Ivd6cnSM86inpg==

mime-db@^1.54.0:
  version "1.54.0"
  resolved "https://registry.npmjs.org/mime-db/-/mime-db-1.54.0.tgz"
  integrity sha512-aU5EJuIN2WDemCcAp2vFBfp/m4EAhWJnUNSSw0ixs7/kXbd6Pg64EmwJkNdFhB8aWt1sH2CTXrLxo/iAGV3oPQ==

mime-types@^3.0.2:
  version "3.0.2"
  resolved "https://registry.npmjs.org/mime-types/-/mime-types-3.0.2.tgz"
  integrity sha512-Lbgzdk0h4juoQ9fCKXW4by0UJqj+nOOrI9MJ1sSj4nI8aI2eo1qmvQEie4VD1glsS250n15LsWsYtCugiStS5A==
  dependencies:
    mime-db "^1.54.0"

mime@^3.0.0:
  version "3.0.0"
  resolved "https://registry.npmjs.org/mime/-/mime-3.0.0.tgz"
  integrity sha512-jSCU7/VB1loIWBZe14aEYHU/+1UMEHoaO7qxCOVJOw9GgH72VAWppxNcjU+x9a2k3GSIBXNKxXQFqRvvZ7vr3A==

minimatch@^3.1.5:
  version "3.1.5"
  resolved "https://registry.npmjs.org/minimatch/-/minimatch-3.1.5.tgz"
  integrity sha512-VgjWUsnnT6n+NUk6eZq77zeFdpW2LWDzP6zFGrCbHXiYNul5Dzqk2HHQ5uFH2DNW5Xbp8+jVzaeNt94ssEEl4w==
  dependencies:
    brace-expansion "^1.1.7"

minimist@^1.2.8:
  version "1.2.8"
  resolved "https://registry.npmjs.org/minimist/-/minimist-1.2.8.tgz"
  integrity sha512-2yyAR8qBkN3YuheJanUpWC5U3bb5osDywNB8RzDVlDwDHbocAJveqqj1u8+SVD7jkWT4yvsHCpWqqWqAxb0zCA==

minipass@^7.0.3:
  version "7.1.3"
  resolved "https://registry.npmjs.org/minipass/-/minipass-7.1.3.tgz"
  integrity sha512-tEBHqDnIoM/1rXME1zgka9g6Q2lcoCkxHLuc7ODJ5BxbP5d4c2Z5cGgtXAku59200Cx7diuHTOYfSBD8n6mm8A==

moo@0.5.2:
  version "0.5.2"
  resolved "https://registry.npmjs.org/moo/-/moo-0.5.2.tgz"
  integrity sha512-iSAJLHYKnX41mKcJKjqvnAN9sf0LMDTXDEvFv+ffuRR9a1MIuXLjMNL6EsnDHSkKLTWNqQQ5uo61P4EbU4NU+Q==

morphdom@^2.7.4:
  version "2.7.8"
  resolved "https://registry.npmjs.org/morphdom/-/morphdom-2.7.8.tgz"
  integrity sha512-D/fR4xgGUyVRbdMGU6Nejea1RFzYxYtyurG4Fbv2Fi/daKlWKuXGLOdXtl+3eIwL110cI2hz1ZojGICjjFLgTg==

ms@^2.1.3:
  version "2.1.3"
  resolved "https://registry.npmjs.org/ms/-/ms-2.1.3.tgz"
  integrity sha512-6FlzubTLZG3J2a/NVCAleEhjzq5oxgHyaCU9yYXvcLsvoVaHJq/s5xXI6/XXP6tz7R9xAOtHnSO/tXtF3WRTlA==

ms@2.0.0:
  version "2.0.0"
  resolved "https://registry.npmjs.org/ms/-/ms-2.0.0.tgz"
  integrity sha1-VgiurfwAvmwpAd9fmGF4jeDVl8g= sha512-Tpp60P6IUJDTuOq/5Z8cdskzJujfwqfOTkrwIwj7IRISpnkJnT6SyJ4PCPnGMoFjC9ddhal5KVIYtAt97ix05A==

node-retrieve-globals@^6.0.1:
  version "6.0.1"
  resolved "https://registry.npmjs.org/node-retrieve-globals/-/node-retrieve-globals-6.0.1.tgz"
  integrity sha512-j0DeFuZ/Wg3VlklfbxUgZF/mdHMTEiEipBb3q0SpMMbHaV3AVfoUQF8UGxh1s/yjqO0TgRZd4Pi/x2yRqoQ4Eg==
  dependencies:
    acorn "^8.14.1"
    acorn-walk "^8.3.4"
    esm-import-transformer "^3.0.3"

normalize-path@^3.0.0, normalize-path@~3.0.0:
  version "3.0.0"
  resolved "https://registry.npmjs.org/normalize-path/-/normalize-path-3.0.0.tgz"
  integrity sha512-6eZs5Ls3WtCisHWp9S2GUy8dqkpGi4BVSz3GaqiE6ezub0512ESztXUwUB6C6IKbQkY2Pnb/mD4WYojCRwcwLA==

nunjucks@^3.2.4:
  version "3.2.4"
  resolved "https://registry.npmjs.org/nunjucks/-/nunjucks-3.2.4.tgz"
  integrity sha512-26XRV6BhkgK0VOxfbU5cQI+ICFUtMLixv1noZn1tGU38kQH5A5nmmbk/O45xdyBhD1esk47nKrY0mvQpZIhRjQ==
  dependencies:
    a-sync-waterfall "^1.0.0"
    asap "^2.0.3"
    commander "^5.1.0"

on-finished@^2.4.1, on-finished@~2.4.1:
  version "2.4.1"
  resolved "https://registry.npmjs.org/on-finished/-/on-finished-2.4.1.tgz"
  integrity sha512-oVlzkg3ENAhCk2zdv7IJwd/QUD4z2RxRwpkcGY8psCVcCYZNq4wYnVWALHM+brtuJjePWiYF/ClmuDr8Ch5+kg==
  dependencies:
    ee-first "1.1.1"

parse-srcset@^1.0.2:
  version "1.0.2"
  resolved "https://registry.npmjs.org/parse-srcset/-/parse-srcset-1.0.2.tgz"
  integrity sha1-8r0iH2zJcKk42IVWq8WJyqqiveE= sha512-/2qh0lav6CmI15FzA3i/2Bzk2zCgQhGMkvhOhKNcBVQ1ldgpbfiNTVslmooUmWJcADi1f1kIeynbDRVzNlfR6Q==

parseurl@~1.3.3:
  version "1.3.3"
  resolved "https://registry.npmjs.org/parseurl/-/parseurl-1.3.3.tgz"
  integrity sha512-CiyeOxFT/JZyN5m0z9PfXw4SCBJ6Sygz1Dpl0wqjlhDEGGBP1GnsUVEL0p63hoG1fcj3fHynXi9NYO4nWOL+qQ==

picomatch@^2.0.4:
  version "2.3.2"
  resolved "https://registry.npmjs.org/picomatch/-/picomatch-2.3.2.tgz"
  integrity sha512-V7+vQEJ06Z+c5tSye8S+nHUfI51xoXIXjHQ99cQtKUkQqqO1kO/KCJUfZXuB47h/YBlDhah2H3hdUGXn8ie0oA==

picomatch@^2.2.1:
  version "2.3.2"
  resolved "https://registry.npmjs.org/picomatch/-/picomatch-2.3.2.tgz"
  integrity sha512-V7+vQEJ06Z+c5tSye8S+nHUfI51xoXIXjHQ99cQtKUkQqqO1kO/KCJUfZXuB47h/YBlDhah2H3hdUGXn8ie0oA==

"picomatch@^3 || ^4", picomatch@^4.0.4:
  version "4.0.7"
  resolved "https://registry.npmjs.org/picomatch/-/picomatch-4.0.7.tgz"
  integrity sha512-qcJu88Q2IWqJsDD529JKMdwGm/dvInW4HvQnRwiH9JtihJvzGOscDtHE3x1pBKeUOTysQ8kVmLnJ2kJu7yhcGA==

please-upgrade-node@^3.2.0:
  version "3.2.0"
  resolved "https://registry.npmjs.org/please-upgrade-node/-/please-upgrade-node-3.2.0.tgz"
  integrity sha512-gQR3WpIgNIKwBMVLkpMUeR3e1/E1y42bqDQZfql+kDeXd8COYfM8PQA4X6y7a8u9Ua9FHmsrrmirW2vHs45hWg==
  dependencies:
    semver-compare "^1.0.0"

posthtml-match-helper@^2.0.3:
  version "2.0.3"
  resolved "https://registry.npmjs.org/posthtml-match-helper/-/posthtml-match-helper-2.0.3.tgz"
  integrity sha512-p9oJgTdMF2dyd7WE54QI1LvpBIkNkbSiiECKezNnDVYhGhD1AaOnAkw0Uh0y5TW+OHO8iBdSqnd8Wkpb6iUqmw==

posthtml-parser@^0.11.0:
  version "0.11.0"
  resolved "https://registry.npmjs.org/posthtml-parser/-/posthtml-parser-0.11.0.tgz"
  integrity sha512-QecJtfLekJbWVo/dMAA+OSwY79wpRmbqS5TeXvXSX+f0c6pW4/SE6inzZ2qkU7oAMCPqIDkZDvd/bQsSFUnKyw==
  dependencies:
    htmlparser2 "^7.1.1"

posthtml-render@^3.0.0:
  version "3.0.0"
  resolved "https://registry.npmjs.org/posthtml-render/-/posthtml-render-3.0.0.tgz"
  integrity sha512-z+16RoxK3fUPgwaIgH9NGnK1HKY9XIDpydky5eQGgAFVXTCSezalv9U2jQuNV+Z9qV1fDWNzldcw4eK0SSbqKA==
  dependencies:
    is-json "^2.0.1"

posthtml@^0.16.6, posthtml@^0.16.7:
  version "0.16.7"
  resolved "https://registry.npmjs.org/posthtml/-/posthtml-0.16.7.tgz"
  integrity sha512-7Hc+IvlQ7hlaIfQFZnxlRl0jnpWq2qwibORBhQYIb0QbNtuicc5ZxvKkVT71HJ4Py1wSZ/3VR1r8LfkCtoCzhw==
  dependencies:
    posthtml-parser "^0.11.0"
    posthtml-render "^3.0.0"

prismjs@^1.30.0:
  version "1.30.0"
  resolved "https://registry.npmjs.org/prismjs/-/prismjs-1.30.0.tgz"
  integrity sha512-DEvV2ZF2r2/63V+tK8hQvrR2ZGn10srHbXviTlcv7Kpzw8jWiNTqbVgjO3IY8RxrrOUF8VPMQQFysYYYv0YZxw==

prr@~1.0.1:
  version "1.0.1"
  resolved "https://registry.npmjs.org/prr/-/prr-1.0.1.tgz"
  integrity sha1-0/wRS6BplaRexok/SEzrHXj19HY= sha512-yPw4Sng1gWghHQWj0B3ZggWUm4qVbPwPFcRG8KyxiU7J2OHFSoEHKS+EZ3fv5l1t9CyCiop6l/ZYeWbrgoQejw==

punycode.js@^2.3.1:
  version "2.3.1"
  resolved "https://registry.npmjs.org/punycode.js/-/punycode.js-2.3.1.tgz"
  integrity sha512-uxFIHU0YlHYhDQtV4R9J6a52SLx28BCjT+4ieh7IGbgwVJWO+km431c4yRlREUAsAmt/uMjQUyQHNEPf0M39CA==

range-parser@^1.2.1:
  version "1.3.0"
  resolved "https://registry.npmjs.org/range-parser/-/range-parser-1.3.0.tgz"
  integrity sha512-hek2mFQpPuI4E1BBKrSto+BU3e3x4xuarsbiwr3+lf7p44juvFMV0XFWQAP3xUyqXA4RrXLIoaSUGbSt056ZMw==

readdirp@~3.6.0:
  version "3.6.0"
  resolved "https://registry.npmjs.org/readdirp/-/readdirp-3.6.0.tgz"
  integrity sha512-hOS089on8RduqdbhvQ5Z37A0ESjsqz6qnRcffsMU3495FuTdqSm+7bhJ29JvIOsBDEEnan5DPu9t3To9VRlMzA==
  dependencies:
    picomatch "^2.2.1"

section-matter@^1.0.0:
  version "1.0.0"
  resolved "https://registry.npmjs.org/section-matter/-/section-matter-1.0.0.tgz"
  integrity sha512-vfD3pmTzGpufjScBh50YHKzEu2lxBWhVEHsNGoEXmCmn2hKGfeNLYMzCJpe8cD7gqX7TJluOVpBkAequ6dgMmA==
  dependencies:
    extend-shallow "^2.0.1"
    kind-of "^6.0.0"

semver-compare@^1.0.0:
  version "1.0.0"
  resolved "https://registry.npmjs.org/semver-compare/-/semver-compare-1.0.0.tgz"
  integrity sha1-De4hahyUGrN+nvsXiPavxf9VN/w= sha512-YM3/ITh2MJ5MtzaM429anh+x2jiLVjqILF4m4oyQB18W7Ggea7BfqdH/wGMK7dDiMghv/6WG7znWMwUDzJiXow==

semver@^7.8.1:
  version "7.8.5"
  resolved "https://registry.npmjs.org/semver/-/semver-7.8.5.tgz"
  integrity sha512-Y7/KDsb8LjooZpwaqGyulO6DQlksgCncchHGk+sZIY4SBvUocMBEFH5Ur1fI4dV+Jvl0w6cjvucaIi40puRioA==

send@^1.1.0:
  version "1.2.1"
  resolved "https://registry.npmjs.org/send/-/send-1.2.1.tgz"
  integrity sha512-1gnZf7DFcoIcajTjTwjwuDjzuz4PPcY2StKPlsGAQ1+YH20IRVrBaXSWmdjowTJ6u8Rc01PoYOGHXfP1mYcZNQ==
  dependencies:
    debug "^4.4.3"
    encodeurl "^2.0.0"
    escape-html "^1.0.3"
    etag "^1.8.1"
    fresh "^2.0.0"
    http-errors "^2.0.1"
    mime-types "^3.0.2"
    ms "^2.1.3"
    on-finished "^2.4.1"
    range-parser "^1.2.1"
    statuses "^2.0.2"

setprototypeof@~1.2.0:
  version "1.2.0"
  resolved "https://registry.npmjs.org/setprototypeof/-/setprototypeof-1.2.0.tgz"
  integrity sha512-E5LDX7Wrp85Kil5bhZv46j8jOeboKq5JMmYM3gVGdGH8xFpPWXUMsNrlODCrkoxMEeNi/XZIwuRvY4XNwYMJpw==

slash@^3.0.0:
  version "3.0.0"
  resolved "https://registry.npmjs.org/slash/-/slash-3.0.0.tgz"
  integrity sha512-g9Q1haeby36OSStwb4ntCGGGaKsaVSjQ68fBxoQcutl5fS1vuY18H3wSt3jFyFtrkx+Kz0V1G85A4MyAdDMi2Q==

slugify@^1.6.9:
  version "1.6.9"
  resolved "https://registry.npmjs.org/slugify/-/slugify-1.6.9.tgz"
  integrity sha512-vZ7rfeehZui7wQs438JXBckYLkIIdfHOXsaVEUMyS5fHo1483l1bMdo0EDSWYclY0yZKFOipDy4KHuKs6ssvdg==

sprintf-js@~1.0.2:
  version "1.0.3"
  resolved "https://registry.npmjs.org/sprintf-js/-/sprintf-js-1.0.3.tgz"
  integrity sha1-BOaSb2YolTVPPdAVIDYzuFcpfiw= sha512-D9cPgkvLlV3t3IzL0D0YLvGA9Ahk4PcvVwUbN0dSGr1aP0Nrt4AEnTUbuGvquEC0mA64Gqt1fzirlRs5ibXx8g==

ssri@^11.0.0:
  version "11.0.0"
  resolved "https://registry.npmjs.org/ssri/-/ssri-11.0.0.tgz"
  integrity sha512-aZpUoMN/Jj2MqA4vMCeiKGnc/8SuSyHbGSBdgFbZxP8OJGF/lFkIuElzPxsN0q8TQQ+prw3P4EDfB3TBHHgfXw==
  dependencies:
    minipass "^7.0.3"

statuses@^2.0.2, statuses@~2.0.2:
  version "2.0.2"
  resolved "https://registry.npmjs.org/statuses/-/statuses-2.0.2.tgz"
  integrity sha512-DvEy55V3DB7uknRo+4iOGT5fP1slR8wQohVdknigZPMpMstaKJQWhwiYBACJE3Ul2pTnATihhBYnRhZQHGBiRw==

strip-bom-string@^1.0.0:
  version "1.0.0"
  resolved "https://registry.npmjs.org/strip-bom-string/-/strip-bom-string-1.0.0.tgz"
  integrity sha1-5SEekiQ2n7uB1jOi8ABE3IztrZI= sha512-uCC2VHvQRYu+lMh4My/sFNmF2klFymLX1wHJeXnbEJERpV/ZsVuonzerjfrGpIGF7LBVa1O7i9kjiWvJiFck8g==

tinyglobby@^0.2.16:
  version "0.2.17"
  resolved "https://registry.npmjs.org/tinyglobby/-/tinyglobby-0.2.17.tgz"
  integrity sha512-wXR/dYpcqKmfWpEdZjiKJOwCNFndD0DMnrW/cYjVGttEkBfVgcLFHoNrlj47mjOVic9yyNu65alsgF4NQyTa2g==
  dependencies:
    fdir "^6.5.0"
    picomatch "^4.0.4"

to-regex-range@^5.0.1:
  version "5.0.1"
  resolved "https://registry.npmjs.org/to-regex-range/-/to-regex-range-5.0.1.tgz"
  integrity sha512-65P7iz6X5yEr1cwcgvQxbbIw7Uk3gOy5dIdtZ4rDveLqhrdJP+Li/Hx6tyK0NEb+2GCyneCMJiGqrADCSNk8sQ==
  dependencies:
    is-number "^7.0.0"

toidentifier@~1.0.1:
  version "1.0.1"
  resolved "https://registry.npmjs.org/toidentifier/-/toidentifier-1.0.1.tgz"
  integrity sha512-o5sSPKEkg/DIQNmH43V0/uerLrpzVedkUh8tGNvaeXpfpuwjKenlSox/2O/BTlZUtEe+JG7s5YhEz608PlAHRA==

uc.micro@^2.0.0, uc.micro@^2.1.0:
  version "2.1.0"
  resolved "https://registry.npmjs.org/uc.micro/-/uc.micro-2.1.0.tgz"
  integrity sha512-ARDJmphmdvUk6Glw7y9DQ2bFkKBHwQHLi2lsaH6PPmz/Ka9sFOBsBluozhDltWmnv9u/cF6Rt87znRTPV+yp/A==

uc.micro@^3.0.0:
  version "3.0.0"
  resolved "https://registry.npmjs.org/uc.micro/-/uc.micro-3.0.0.tgz"
  integrity sha512-U3PppEkleoTnIfi8BozMx3yju3qc/L6SwqWo2Sw+54PX+PX0q9I+r1Um5HCmqD7n9VDX5/v3vQH/AjA6deDdtw==

unpipe@~1.0.0:
  version "1.0.0"
  resolved "https://registry.npmjs.org/unpipe/-/unpipe-1.0.0.tgz"
  integrity sha1-sr9O6FFKrmFltIF4KdIbLvSZBOw= sha512-pjy2bYhSsufwWlKwPc+l3cN7+wuJlK6uz0YdJEOlQDbl6jo/YlPi4mb8agUkVC8BF7V8NuzeyPNqRksA3hztKQ==

urlpattern-polyfill@^10.0.0:
  version "10.1.0"
  resolved "https://registry.npmjs.org/urlpattern-polyfill/-/urlpattern-polyfill-10.1.0.tgz"
  integrity sha512-IGjKp/o0NL3Bso1PymYURCJxMPNAf/ILOpendP9f5B6e1rTJgdgiOvgfoT8VxCAdY+Wisb9uhGaJJf3yZ2V9nw==

ws@^8.18.1:
  version "8.21.3"
  resolved "https://registry.npmjs.org/ws/-/ws-8.21.3.tgz"
  integrity sha512-201TZ/kPWxoPr/OKWjquZR1SWKXcvxdH+e1xrx89b3YbmzLMFCLfnaG1HFIgWzJOEWZ7MvpK++odZufgYR50Rw==
